
Microsoft Visual Studio Solution File, Format Version 12.00
# Visual Studio Version 16
VisualStudioVersion = 16.0.32929.386
MinimumVisualStudioVersion = 10.0.40219.1
Project("{FAE04EC0-301F-11D3-BF4B-00C04F79EFBC}") = "UsingReestr", "UsingReestr\UsingReestr.csproj", "{C41CDB71-CCDE-4F81-B4B2-92D75F3B9EF9}"
EndProject
Global
	GlobalSection(SolutionConfigurationPlatforms) = preSolution
		Debug|Any CPU = Debug|Any CPU
		Release|Any CPU = Release|Any CPU
	EndGlobalSection
	GlobalSection(ProjectConfigurationPlatforms) = postSolution
		{C41CDB71-CCDE-4F81-B4B2-92D75F3B9EF9}.Debug|Any CPU.ActiveCfg = Debug|Any CPU
		{C41CDB71-CCDE-4F81-B4B2-92D75F3B9EF9}.Debug|Any CPU.Build.0 = Debug|Any CPU
		{C41CDB71-CCDE-4F81-B4B2-92D75F3B9EF9}.Release|Any CPU.ActiveCfg = Release|Any CPU
		{C41CDB71-CCDE-4F81-B4B2-92D75F3B9EF9}.Release|Any CPU.Build.0 = Release|Any CPU
	EndGlobalSection
	GlobalSection(SolutionProperties) = preSolution
		HideSolutionNode = FALSE
	EndGlobalSection
	GlobalSection(ExtensibilityGlobals) = postSolution
		SolutionGuid = {D69D7316-C181-4007-8EA6-40BECA42BDA8}
	EndGlobalSection
EndGlobal
